
Microsoft Visual Studio Solution File, Format Version 12.00
# Visual Studio Version 17
VisualStudioVersion = 17.0.32014.148
MinimumVisualStudioVersion = 10.0.40219.1
Project("{FAE04EC0-301F-11D3-BF4B-00C04F79EFBC}") = "Task19", "Task19\Task19.csproj", "{CAF9AB6E-AF0C-4A16-B0CB-719736606B56}"
EndProject
Global
	GlobalSection(SolutionConfigurationPlatforms) = preSolution
		Debug|Any CPU = Debug|Any CPU
		Release|Any CPU = Release|Any CPU
	EndGlobalSection
	GlobalSection(ProjectConfigurationPlatforms) = postSolution
		{CAF9AB6E-AF0C-4A16-B0CB-719736606B56}.Debug|Any CPU.ActiveCfg = Debug|Any CPU
		{CAF9AB6E-AF0C-4A16-B0CB-719736606B56}.Debug|Any CPU.Build.0 = Debug|Any CPU
		{CAF9AB6E-AF0C-4A16-B0CB-719736606B56}.Release|Any CPU.ActiveCfg = Release|Any CPU
		{CAF9AB6E-AF0C-4A16-B0CB-719736606B56}.Release|Any CPU.Build.0 = Release|Any CPU
	EndGlobalSection
	GlobalSection(SolutionProperties) = preSolution
		HideSolutionNode = FALSE
	EndGlobalSection
	GlobalSection(ExtensibilityGlobals) = postSolution
		SolutionGuid = {676BC947-836A-48A4-A32C-46CE08ACB345}
	EndGlobalSection
EndGlobal
